Microsoft Visual Studio Solution File, Format Version 12.00
# Visual Studio Version 17
VisualStudioVersion = 17.5.2.0
MinimumVisualStudioVersion = 10.0.40219.1
Project("{FAE04EC0-301F-11D3-BF4B-00C04F79EFBC}") = "Car2", "Car2.csproj", "{D69487A9-4CE5-D4E1-8C0E-1799A5A4A99D}"
EndProject
Global
	GlobalSection(SolutionConfigurationPlatforms) = preSolution
		Debug|Any CPU = Debug|Any CPU
		Release|Any CPU = Release|Any CPU
	EndGlobalSection
	GlobalSection(ProjectConfigurationPlatforms) = postSolution
		{D69487A9-4CE5-D4E1-8C0E-1799A5A4A99D}.Debug|Any CPU.ActiveCfg = Debug|Any CPU
		{D69487A9-4CE5-D4E1-8C0E-1799A5A4A99D}.Debug|Any CPU.Build.0 = Debug|Any CPU
		{D69487A9-4CE5-D4E1-8C0E-1799A5A4A99D}.Release|Any CPU.ActiveCfg = Release|Any CPU
		{D69487A9-4CE5-D4E1-8C0E-1799A5A4A99D}.Release|Any CPU.Build.0 = Release|Any CPU
	EndGlobalSection
	GlobalSection(SolutionProperties) = preSolution
		HideSolutionNode = FALSE
	EndGlobalSection
	GlobalSection(ExtensibilityGlobals) = postSolution
		SolutionGuid = {C46FFBB0-3985-4FEF-8A0C-2DBD8B45A2FB}
	EndGlobalSection
EndGlobal
